
Microsoft Visual Studio Solution File, Format Version 12.00
# Visual Studio Version 17
VisualStudioVersion = 17.6.33829.357
MinimumVisualStudioVersion = 10.0.40219.1
Project("{8BC9CEB8-8B4A-11D0-8D11-00A0C91BC942}") = "Kxsarl", "Kxsarl\Kxsarl.vcxproj", "{834BF4CB-5A69-4EDF-B914-E8ADC6221067}"
EndProject
Project("{8BC9CEB8-8B4A-11D0-8D11-00A0C91BC942}") = "FakeItAll", "Textures\FakeItAll\FakeItAll.vcxproj", "{5A506FEF-9CFD-4C00-8930-C6CA46626272}"
EndProject
Project("{FAE04EC0-301F-11D3-BF4B-00C04F79EFBC}") = "Kxsarl_Transfer", "Kxsarl_Transfer\Kxsarl_Transfer.csproj", "{ADFA3576-0279-4E81-B20F-8822BFC06A5B}"
EndProject
Global
	GlobalSection(SolutionConfigurationPlatforms) = preSolution
		Debug|Any CPU = Debug|Any CPU
		Debug|x64 = Debug|x64
		Debug|x86 = Debug|x86
		Release|Any CPU = Release|Any CPU
		Release|x64 = Release|x64
		Release|x86 = Release|x86
	EndGlobalSection
	GlobalSection(ProjectConfigurationPlatforms) = postSolution
		{834BF4CB-5A69-4EDF-B914-E8ADC6221067}.Debug|Any CPU.ActiveCfg = Debug|x64
		{834BF4CB-5A69-4EDF-B914-E8ADC6221067}.Debug|Any CPU.Build.0 = Debug|x64
		{834BF4CB-5A69-4EDF-B914-E8ADC6221067}.Debug|x64.ActiveCfg = Debug|x64
		{834BF4CB-5A69-4EDF-B914-E8ADC6221067}.Debug|x64.Build.0 = Debug|x64
		{834BF4CB-5A69-4EDF-B914-E8ADC6221067}.Debug|x86.ActiveCfg = Debug|Win32
		{834BF4CB-5A69-4EDF-B914-E8ADC6221067}.Debug|x86.Build.0 = Debug|Win32
		{834BF4CB-5A69-4EDF-B914-E8ADC6221067}.Release|Any CPU.ActiveCfg = Release|x64
		{834BF4CB-5A69-4EDF-B914-E8ADC6221067}.Release|Any CPU.Build.0 = Release|x64
		{834BF4CB-5A69-4EDF-B914-E8ADC6221067}.Release|x64.ActiveCfg = Release|x64
		{834BF4CB-5A69-4EDF-B914-E8ADC6221067}.Release|x64.Build.0 = Release|x64
		{834BF4CB-5A69-4EDF-B914-E8ADC6221067}.Release|x86.ActiveCfg = Release|Win32
		{834BF4CB-5A69-4EDF-B914-E8ADC6221067}.Release|x86.Build.0 = Release|Win32
		{5A506FEF-9CFD-4C00-8930-C6CA46626272}.Debug|Any CPU.ActiveCfg = Debug|x64
		{5A506FEF-9CFD-4C00-8930-C6CA46626272}.Debug|Any CPU.Build.0 = Debug|x64
		{5A506FEF-9CFD-4C00-8930-C6CA46626272}.Debug|x64.ActiveCfg = Debug|x64
		{5A506FEF-9CFD-4C00-8930-C6CA46626272}.Debug|x64.Build.0 = Debug|x64
		{5A506FEF-9CFD-4C00-8930-C6CA46626272}.Debug|x86.ActiveCfg = Debug|Win32
		{5A506FEF-9CFD-4C00-8930-C6CA46626272}.Debug|x86.Build.0 = Debug|Win32
		{5A506FEF-9CFD-4C00-8930-C6CA46626272}.Release|Any CPU.ActiveCfg = Release|x64
		{5A506FEF-9CFD-4C00-8930-C6CA46626272}.Release|Any CPU.Build.0 = Release|x64
		{5A506FEF-9CFD-4C00-8930-C6CA46626272}.Release|x64.ActiveCfg = Release|x64
		{5A506FEF-9CFD-4C00-8930-C6CA46626272}.Release|x64.Build.0 = Release|x64
		{5A506FEF-9CFD-4C00-8930-C6CA46626272}.Release|x86.ActiveCfg = Release|Win32
		{5A506FEF-9CFD-4C00-8930-C6CA46626272}.Release|x86.Build.0 = Release|Win32
		{ADFA3576-0279-4E81-B20F-8822BFC06A5B}.Debug|Any CPU.ActiveCfg = Debug|Any CPU
		{ADFA3576-0279-4E81-B20F-8822BFC06A5B}.Debug|Any CPU.Build.0 = Debug|Any CPU
		{ADFA3576-0279-4E81-B20F-8822BFC06A5B}.Debug|x64.ActiveCfg = Debug|Any CPU
		{ADFA3576-0279-4E81-B20F-8822BFC06A5B}.Debug|x64.Build.0 = Debug|Any CPU
		{ADFA3576-0279-4E81-B20F-8822BFC06A5B}.Debug|x86.ActiveCfg = Debug|Any CPU
		{ADFA3576-0279-4E81-B20F-8822BFC06A5B}.Debug|x86.Build.0 = Debug|Any CPU
		{ADFA3576-0279-4E81-B20F-8822BFC06A5B}.Release|Any CPU.ActiveCfg = Release|Any CPU
		{ADFA3576-0279-4E81-B20F-8822BFC06A5B}.Release|Any CPU.Build.0 = Release|Any CPU
		{ADFA3576-0279-4E81-B20F-8822BFC06A5B}.Release|x64.ActiveCfg = Release|Any CPU
		{ADFA3576-0279-4E81-B20F-8822BFC06A5B}.Release|x64.Build.0 = Release|Any CPU
		{ADFA3576-0279-4E81-B20F-8822BFC06A5B}.Release|x86.ActiveCfg = Release|Any CPU
		{ADFA3576-0279-4E81-B20F-8822BFC06A5B}.Release|x86.Build.0 = Release|Any CPU
	EndGlobalSection
	GlobalSection(SolutionProperties) = preSolution
		HideSolutionNode = FALSE
	EndGlobalSection
	GlobalSection(ExtensibilityGlobals) = postSolution
		SolutionGuid = {34CD1C97-C0CE-4C30-AA3F-DD8693FABD7B}
	EndGlobalSection
EndGlobal
